
Microsoft Visual Studio Solution File, Format Version 12.00
# Visual Studio 15
Project("{FAE04EC0-301F-11D3-BF4B-00C04F79EFBC}") = "UnityEngine.UI", "UnityEngine.UI.csproj", "{AD6930A5-5DEB-BEB2-F1D6-1B84722415A4}"
EndProject
Project("{FAE04EC0-301F-11D3-BF4B-00C04F79EFBC}") = "UnityEngine.TestRunner", "UnityEngine.TestRunner.csproj", "{474C2EE2-ADB8-9C33-B13B-A22911F661BF}"
EndProject
Project("{FAE04EC0-301F-11D3-BF4B-00C04F79EFBC}") = "Unity.2D.Animation.Triangle.Runtime", "Unity.2D.Animation.Triangle.Runtime.csproj", "{3CAC5F03-5B13-EF3E-6B05-E7848D7D0C0B}"
EndProject
Project("{FAE04EC0-301F-11D3-BF4B-00C04F79EFBC}") = "SimpleWebTransport", "SimpleWebTransport.csproj", "{82622565-AFFC-D119-D736-1D43F95E4990}"
EndProject
Project("{FAE04EC0-301F-11D3-BF4B-00C04F79EFBC}") = "Mirror", "Mirror.csproj", "{C17E425C-92C3-2303-A910-7C4154DA57BD}"
EndProject
Project("{FAE04EC0-301F-11D3-BF4B-00C04F79EFBC}") = "Unity.TextMeshPro", "Unity.TextMeshPro.csproj", "{E49F53AA-CF48-F541-7EE9-490BD4658B45}"
EndProject
Project("{FAE04EC0-301F-11D3-BF4B-00C04F79EFBC}") = "Unity.2D.Animation.Runtime", "Unity.2D.Animation.Runtime.csproj", "{9A3906E8-69B5-12CB-1AD1-E97C3340A3E3}"
EndProject
Project("{FAE04EC0-301F-11D3-BF4B-00C04F79EFBC}") = "Unity.Timeline", "Unity.Timeline.csproj", "{5347199C-4D26-C8F7-D11C-D37A1677E171}"
EndProject
Project("{FAE04EC0-301F-11D3-BF4B-00C04F79EFBC}") = "Telepathy", "Telepathy.csproj", "{21A7A3DC-6707-6641-6F2F-0C8D1B17648B}"
EndProject
Project("{FAE04EC0-301F-11D3-BF4B-00C04F79EFBC}") = "Unity.Mathematics", "Unity.Mathematics.csproj", "{70CF0D3D-065B-60C1-45ED-F11CF5C3F1DF}"
EndProject
Project("{FAE04EC0-301F-11D3-BF4B-00C04F79EFBC}") = "Unity.2D.SpriteShape.Runtime", "Unity.2D.SpriteShape.Runtime.csproj", "{35ABB48C-1A51-C923-21A4-7B992F5B531A}"
EndProject
Project("{FAE04EC0-301F-11D3-BF4B-00C04F79EFBC}") = "Mirror.Cloud", "Mirror.Cloud.csproj", "{8BC23325-9654-2BA4-1EA1-1A3164252477}"
EndProject
Project("{FAE04EC0-301F-11D3-BF4B-00C04F79EFBC}") = "Mirror.Components", "Mirror.Components.csproj", "{1FE352F4-644C-AB33-F85E-4BB21B6614A5}"
EndProject
Project("{FAE04EC0-301F-11D3-BF4B-00C04F79EFBC}") = "Mirror.Examples", "Mirror.Examples.csproj", "{430B52B2-9CCE-B51A-E8E6-EC5D858218A6}"
EndProject
Project("{FAE04EC0-301F-11D3-BF4B-00C04F79EFBC}") = "Mirror.Examples.Cloud.GUI", "Mirror.Examples.Cloud.GUI.csproj", "{974702B3-D266-3F47-ED7F-7C968B340B36}"
EndProject
Project("{FAE04EC0-301F-11D3-BF4B-00C04F79EFBC}") = "kcp2k", "kcp2k.csproj", "{D9A08A8C-88C0-E915-95E2-689E7E3C76E3}"
EndProject
Project("{FAE04EC0-301F-11D3-BF4B-00C04F79EFBC}") = "Unity.2D.PixelPerfect", "Unity.2D.PixelPerfect.csproj", "{2AB62D94-A126-A8FA-0E7A-6C8697BB0BD8}"
EndProject
Project("{FAE04EC0-301F-11D3-BF4B-00C04F79EFBC}") = "Assembly-CSharp", "Assembly-CSharp.csproj", "{054E71E0-C74B-77BB-6CB7-52C5F970EA15}"
EndProject
Project("{FAE04EC0-301F-11D3-BF4B-00C04F79EFBC}") = "Mirror.Examples.Cloud.Pong", "Mirror.Examples.Cloud.Pong.csproj", "{88FCD320-9495-0FCD-3464-0E82B66E9CF2}"
EndProject
Project("{FAE04EC0-301F-11D3-BF4B-00C04F79EFBC}") = "Mirror.Authenticators", "Mirror.Authenticators.csproj", "{4559D748-A0C6-1913-6811-11537FC8075A}"
EndProject
Project("{FAE04EC0-301F-11D3-BF4B-00C04F79EFBC}") = "Unity.InternalAPIEngineBridge.001", "Unity.InternalAPIEngineBridge.001.csproj", "{050513D5-64EE-0FFD-B605-23F98B9CF933}"
EndProject
Project("{FAE04EC0-301F-11D3-BF4B-00C04F79EFBC}") = "Unity.2D.Common.Runtime", "Unity.2D.Common.Runtime.csproj", "{B7565A7F-A563-5C4F-9C5B-125A4244B709}"
EndProject
Project("{FAE04EC0-301F-11D3-BF4B-00C04F79EFBC}") = "UnityEditor.TestRunner", "UnityEditor.TestRunner.csproj", "{3F4D8DD7-FAD7-10FA-32CB-A36FAFA940A1}"
EndProject
Project("{FAE04EC0-301F-11D3-BF4B-00C04F79EFBC}") = "Unity.TextMeshPro.Editor", "Unity.TextMeshPro.Editor.csproj", "{094DAED1-E50E-D927-D5C8-A14B268F34CB}"
EndProject
Project("{FAE04EC0-301F-11D3-BF4B-00C04F79EFBC}") = "Unity.Timeline.Editor", "Unity.Timeline.Editor.csproj", "{784A0D0D-10FE-E989-3462-866A31052191}"
EndProject
Project("{FAE04EC0-301F-11D3-BF4B-00C04F79EFBC}") = "Unity.CollabProxy.Editor", "Unity.CollabProxy.Editor.csproj", "{88E9E81F-60E6-EA7E-B3B9-ACEBCF8D5F93}"
EndProject
Project("{FAE04EC0-301F-11D3-BF4B-00C04F79EFBC}") = "Unity.2D.Animation.Editor", "Unity.2D.Animation.Editor.csproj", "{3D5B6CFB-288E-5540-E409-7D23156CBD12}"
EndProject
Project("{FAE04EC0-301F-11D3-BF4B-00C04F79EFBC}") = "Unity.2D.Path.Editor", "Unity.2D.Path.Editor.csproj", "{746BBAEE-7DCB-4910-F466-82E6A05FE80E}"
EndProject
Project("{FAE04EC0-301F-11D3-BF4B-00C04F79EFBC}") = "Unity.2D.Sprite.Editor", "Unity.2D.Sprite.Editor.csproj", "{2463A42E-10A3-3628-BBFB-174A8F3733B7}"
EndProject
Project("{FAE04EC0-301F-11D3-BF4B-00C04F79EFBC}") = "UnityEditor.UI", "UnityEditor.UI.csproj", "{77F86675-94FF-3F2C-7166-9AD457297D54}"
EndProject
Project("{FAE04EC0-301F-11D3-BF4B-00C04F79EFBC}") = "Mirror.Weaver", "Mirror.Weaver.csproj", "{88305AEF-C8E8-DADA-5745-339C53125DF7}"
EndProject
Project("{FAE04EC0-301F-11D3-BF4B-00C04F79EFBC}") = "Unity.Rider.Editor", "Unity.Rider.Editor.csproj", "{5C176882-1263-96CB-5EB8-F002FD3CF7E0}"
EndProject
Project("{FAE04EC0-301F-11D3-BF4B-00C04F79EFBC}") = "Unity.2D.Tilemap.Editor", "Unity.2D.Tilemap.Editor.csproj", "{0A458BC6-90BC-3565-98F4-4DB0C606EC0C}"
EndProject
Project("{FAE04EC0-301F-11D3-BF4B-00C04F79EFBC}") = "Unity.VisualStudio.Editor", "Unity.VisualStudio.Editor.csproj", "{0B81BA69-15C0-8912-43C8-C49D52B9404B}"
EndProject
Project("{FAE04EC0-301F-11D3-BF4B-00C04F79EFBC}") = "Unity.2D.SpriteShape.Editor", "Unity.2D.SpriteShape.Editor.csproj", "{3A7B3085-CDB5-E747-CDD4-89FAF8CB29A4}"
EndProject
Project("{FAE04EC0-301F-11D3-BF4B-00C04F79EFBC}") = "PsdPlugin", "PsdPlugin.csproj", "{B992BCA6-0A43-AFCD-AA7D-BFA3AEB88614}"
EndProject
Project("{FAE04EC0-301F-11D3-BF4B-00C04F79EFBC}") = "Mirror.Editor", "Mirror.Editor.csproj", "{A88F697E-9022-CCBA-1151-6E6848A67C9A}"
EndProject
Project("{FAE04EC0-301F-11D3-BF4B-00C04F79EFBC}") = "Unity.2D.Common.Editor", "Unity.2D.Common.Editor.csproj", "{FD20BB51-9190-C4CE-B709-FE2A4787BAA5}"
EndProject
Project("{FAE04EC0-301F-11D3-BF4B-00C04F79EFBC}") = "Unity.VSCode.Editor", "Unity.VSCode.Editor.csproj", "{E1D63B34-45E9-36A8-7122-94CDB7DF79E7}"
EndProject
Project("{FAE04EC0-301F-11D3-BF4B-00C04F79EFBC}") = "Unity.2D.Psdimporter.Editor", "Unity.2D.Psdimporter.Editor.csproj", "{EC2F5571-08CA-8F4A-E95E-289ED6DE951A}"
EndProject
Project("{FAE04EC0-301F-11D3-BF4B-00C04F79EFBC}") = "Unity.2D.PixelPerfect.Editor", "Unity.2D.PixelPerfect.Editor.csproj", "{CBD33055-7153-FAA3-8BA0-E48B59D73DDE}"
EndProject
Project("{FAE04EC0-301F-11D3-BF4B-00C04F79EFBC}") = "Unity.Mathematics.Editor", "Unity.Mathematics.Editor.csproj", "{5ED3375B-1B14-E476-47A7-CB38C7879566}"
EndProject
Project("{FAE04EC0-301F-11D3-BF4B-00C04F79EFBC}") = "Mirror.CompilerSymbols", "Mirror.CompilerSymbols.csproj", "{7B20E331-144F-4233-511A-1EE0D49CA4E5}"
EndProject
Project("{FAE04EC0-301F-11D3-BF4B-00C04F79EFBC}") = "Unity.InternalAPIEditorBridge.001", "Unity.InternalAPIEditorBridge.001.csproj", "{F3541AA1-AC23-B869-D3AF-C520F8578DD1}"
EndProject
Project("{FAE04EC0-301F-11D3-BF4B-00C04F79EFBC}") = "UnityEngine.UI", "UnityEngine.UI.Player.csproj", "{62FB43D6-3F02-4BE3-C66C-8500B63CB7F6}"
EndProject
Project("{FAE04EC0-301F-11D3-BF4B-00C04F79EFBC}") = "UnityEngine.TestRunner", "UnityEngine.TestRunner.Player.csproj", "{B3241E8C-CAAF-85EB-6135-714825568D5D}"
EndProject
Project("{FAE04EC0-301F-11D3-BF4B-00C04F79EFBC}") = "Unity.2D.Animation.Triangle.Runtime", "Unity.2D.Animation.Triangle.Runtime.Player.csproj", "{B441EFBF-55A1-3D29-2720-DEA61AA40ACC}"
EndProject
Project("{FAE04EC0-301F-11D3-BF4B-00C04F79EFBC}") = "SimpleWebTransport", "SimpleWebTransport.Player.csproj", "{367962A8-370B-C1FB-25B8-15AD148E8964}"
EndProject
Project("{FAE04EC0-301F-11D3-BF4B-00C04F79EFBC}") = "Mirror", "Mirror.Player.csproj", "{B6CAE0B5-D596-8A39-6CCC-41121DEE327E}"
EndProject
Project("{FAE04EC0-301F-11D3-BF4B-00C04F79EFBC}") = "Unity.TextMeshPro", "Unity.TextMeshPro.Player.csproj", "{CC188184-12D8-7A33-0FDB-04DC4C04CD2C}"
EndProject
Project("{FAE04EC0-301F-11D3-BF4B-00C04F79EFBC}") = "Unity.2D.Animation.Runtime", "Unity.2D.Animation.Runtime.Player.csproj", "{F1C4DC13-7625-F979-E4EA-0FFAC315F25E}"
EndProject
Project("{FAE04EC0-301F-11D3-BF4B-00C04F79EFBC}") = "Unity.Timeline", "Unity.Timeline.Player.csproj", "{41705B59-7614-17D5-C88D-2E348A2D7DD7}"
EndProject
Project("{FAE04EC0-301F-11D3-BF4B-00C04F79EFBC}") = "Telepathy", "Telepathy.Player.csproj", "{DE367DCB-D1B4-2D31-A9E0-D859467AB03B}"
EndProject
Project("{FAE04EC0-301F-11D3-BF4B-00C04F79EFBC}") = "Unity.Mathematics", "Unity.Mathematics.Player.csproj", "{92C14230-6006-D634-1F08-9B155ECD14E4}"
EndProject
Project("{FAE04EC0-301F-11D3-BF4B-00C04F79EFBC}") = "Unity.2D.SpriteShape.Runtime", "Unity.2D.SpriteShape.Runtime.Player.csproj", "{B79A777C-F3AC-E79C-18F5-9B364320A94F}"
EndProject
Project("{FAE04EC0-301F-11D3-BF4B-00C04F79EFBC}") = "Mirror.Cloud", "Mirror.Cloud.Player.csproj", "{5C5CE30E-15F5-2676-4C25-E18589386EC8}"
EndProject
Project("{FAE04EC0-301F-11D3-BF4B-00C04F79EFBC}") = "Mirror.Components", "Mirror.Components.Player.csproj", "{CFE55023-2263-AFCE-BE18-9616A854FB77}"
EndProject
Project("{FAE04EC0-301F-11D3-BF4B-00C04F79EFBC}") = "Mirror.Examples", "Mirror.Examples.Player.csproj", "{0BF22AC4-1DC7-2223-1790-435528525FE2}"
EndProject
Project("{FAE04EC0-301F-11D3-BF4B-00C04F79EFBC}") = "Mirror.Examples.Cloud.GUI", "Mirror.Examples.Cloud.GUI.Player.csproj", "{371A0F5B-13E4-E97C-C6A5-73BB3D84EBA7}"
EndProject
Project("{FAE04EC0-301F-11D3-BF4B-00C04F79EFBC}") = "kcp2k", "kcp2k.Player.csproj", "{CAA7C349-598D-3891-3256-C1C115491435}"
EndProject
Project("{FAE04EC0-301F-11D3-BF4B-00C04F79EFBC}") = "Unity.2D.PixelPerfect", "Unity.2D.PixelPerfect.Player.csproj", "{BF6DFDA2-5CBE-FEF4-7225-0C54E025B00A}"
EndProject
Project("{FAE04EC0-301F-11D3-BF4B-00C04F79EFBC}") = "Assembly-CSharp", "Assembly-CSharp.Player.csproj", "{034CD146-1785-A853-ECD1-B1DDF619410D}"
EndProject
Project("{FAE04EC0-301F-11D3-BF4B-00C04F79EFBC}") = "Mirror.Examples.Cloud.Pong", "Mirror.Examples.Cloud.Pong.Player.csproj", "{B14CCEBD-F2D2-D5D9-7381-3ED94B73B01B}"
EndProject
Project("{FAE04EC0-301F-11D3-BF4B-00C04F79EFBC}") = "Mirror.Authenticators", "Mirror.Authenticators.Player.csproj", "{A01D6B10-B968-D30A-8AAD-D631133491A0}"
EndProject
Project("{FAE04EC0-301F-11D3-BF4B-00C04F79EFBC}") = "Unity.InternalAPIEngineBridge.001", "Unity.InternalAPIEngineBridge.001.Player.csproj", "{FF62E5AA-881D-7EC6-F228-641ABACC4C7F}"
EndProject
Project("{FAE04EC0-301F-11D3-BF4B-00C04F79EFBC}") = "Unity.2D.Common.Runtime", "Unity.2D.Common.Runtime.Player.csproj", "{8F534EE7-D2D0-73DD-776C-A589D58BE9C9}"
EndProject
Global
	GlobalSection(SolutionConfigurationPlatforms) = preSolution
		Debug|Any CPU = Debug|Any CPU
		Release|Any CPU = Release|Any CPU
	EndGlobalSection
	GlobalSection(ProjectConfigurationPlatforms) = postSolution
		{AD6930A5-5DEB-BEB2-F1D6-1B84722415A4}.Debug|Any CPU.ActiveCfg = Debug|Any CPU
		{AD6930A5-5DEB-BEB2-F1D6-1B84722415A4}.Debug|Any CPU.Build.0 = Debug|Any CPU
		{AD6930A5-5DEB-BEB2-F1D6-1B84722415A4}.Release|Any CPU.ActiveCfg = Release|Any CPU
		{AD6930A5-5DEB-BEB2-F1D6-1B84722415A4}.Release|Any CPU.Build.0 = Release|Any CPU
		{474C2EE2-ADB8-9C33-B13B-A22911F661BF}.Debug|Any CPU.ActiveCfg = Debug|Any CPU
		{474C2EE2-ADB8-9C33-B13B-A22911F661BF}.Debug|Any CPU.Build.0 = Debug|Any CPU
		{474C2EE2-ADB8-9C33-B13B-A22911F661BF}.Release|Any CPU.ActiveCfg = Release|Any CPU
		{474C2EE2-ADB8-9C33-B13B-A22911F661BF}.Release|Any CPU.Build.0 = Release|Any CPU
		{3CAC5F03-5B13-EF3E-6B05-E7848D7D0C0B}.Debug|Any CPU.ActiveCfg = Debug|Any CPU
		{3CAC5F03-5B13-EF3E-6B05-E7848D7D0C0B}.Debug|Any CPU.Build.0 = Debug|Any CPU
		{3CAC5F03-5B13-EF3E-6B05-E7848D7D0C0B}.Release|Any CPU.ActiveCfg = Release|Any CPU
		{3CAC5F03-5B13-EF3E-6B05-E7848D7D0C0B}.Release|Any CPU.Build.0 = Release|Any CPU
		{82622565-AFFC-D119-D736-1D43F95E4990}.Debug|Any CPU.ActiveCfg = Debug|Any CPU
		{82622565-AFFC-D119-D736-1D43F95E4990}.Debug|Any CPU.Build.0 = Debug|Any CPU
		{82622565-AFFC-D119-D736-1D43F95E4990}.Release|Any CPU.ActiveCfg = Release|Any CPU
		{82622565-AFFC-D119-D736-1D43F95E4990}.Release|Any CPU.Build.0 = Release|Any CPU
		{C17E425C-92C3-2303-A910-7C4154DA57BD}.Debug|Any CPU.ActiveCfg = Debug|Any CPU
		{C17E425C-92C3-2303-A910-7C4154DA57BD}.Debug|Any CPU.Build.0 = Debug|Any CPU
		{C17E425C-92C3-2303-A910-7C4154DA57BD}.Release|Any CPU.ActiveCfg = Release|Any CPU
		{C17E425C-92C3-2303-A910-7C4154DA57BD}.Release|Any CPU.Build.0 = Release|Any CPU
		{E49F53AA-CF48-F541-7EE9-490BD4658B45}.Debug|Any CPU.ActiveCfg = Debug|Any CPU
		{E49F53AA-CF48-F541-7EE9-490BD4658B45}.Debug|Any CPU.Build.0 = Debug|Any CPU
		{E49F53AA-CF48-F541-7EE9-490BD4658B45}.Release|Any CPU.ActiveCfg = Release|Any CPU
		{E49F53AA-CF48-F541-7EE9-490BD4658B45}.Release|Any CPU.Build.0 = Release|Any CPU
		{9A3906E8-69B5-12CB-1AD1-E97C3340A3E3}.Debug|Any CPU.ActiveCfg = Debug|Any CPU
		{9A3906E8-69B5-12CB-1AD1-E97C3340A3E3}.Debug|Any CPU.Build.0 = Debug|Any CPU
		{9A3906E8-69B5-12CB-1AD1-E97C3340A3E3}.Release|Any CPU.ActiveCfg = Release|Any CPU
		{9A3906E8-69B5-12CB-1AD1-E97C3340A3E3}.Release|Any CPU.Build.0 = Release|Any CPU
		{5347199C-4D26-C8F7-D11C-D37A1677E171}.Debug|Any CPU.ActiveCfg = Debug|Any CPU
		{5347199C-4D26-C8F7-D11C-D37A1677E171}.Debug|Any CPU.Build.0 = Debug|Any CPU
		{5347199C-4D26-C8F7-D11C-D37A1677E171}.Release|Any CPU.ActiveCfg = Release|Any CPU
		{5347199C-4D26-C8F7-D11C-D37A1677E171}.Release|Any CPU.Build.0 = Release|Any CPU
		{21A7A3DC-6707-6641-6F2F-0C8D1B17648B}.Debug|Any CPU.ActiveCfg = Debug|Any CPU
		{21A7A3DC-6707-6641-6F2F-0C8D1B17648B}.Debug|Any CPU.Build.0 = Debug|Any CPU
		{21A7A3DC-6707-6641-6F2F-0C8D1B17648B}.Release|Any CPU.ActiveCfg = Release|Any CPU
		{21A7A3DC-6707-6641-6F2F-0C8D1B17648B}.Release|Any CPU.Build.0 = Release|Any CPU
		{70CF0D3D-065B-60C1-45ED-F11CF5C3F1DF}.Debug|Any CPU.ActiveCfg = Debug|Any CPU
		{70CF0D3D-065B-60C1-45ED-F11CF5C3F1DF}.Debug|Any CPU.Build.0 = Debug|Any CPU
		{70CF0D3D-065B-60C1-45ED-F11CF5C3F1DF}.Release|Any CPU.ActiveCfg = Release|Any CPU
		{70CF0D3D-065B-60C1-45ED-F11CF5C3F1DF}.Release|Any CPU.Build.0 = Release|Any CPU
		{35ABB48C-1A51-C923-21A4-7B992F5B531A}.Debug|Any CPU.ActiveCfg = Debug|Any CPU
		{35ABB48C-1A51-C923-21A4-7B992F5B531A}.Debug|Any CPU.Build.0 = Debug|Any CPU
		{35ABB48C-1A51-C923-21A4-7B992F5B531A}.Release|Any CPU.ActiveCfg = Release|Any CPU
		{35ABB48C-1A51-C923-21A4-7B992F5B531A}.Release|Any CPU.Build.0 = Release|Any CPU
		{8BC23325-9654-2BA4-1EA1-1A3164252477}.Debug|Any CPU.ActiveCfg = Debug|Any CPU
		{8BC23325-9654-2BA4-1EA1-1A3164252477}.Debug|Any CPU.Build.0 = Debug|Any CPU
		{8BC23325-9654-2BA4-1EA1-1A3164252477}.Release|Any CPU.ActiveCfg = Release|Any CPU
		{8BC23325-9654-2BA4-1EA1-1A3164252477}.Release|Any CPU.Build.0 = Release|Any CPU
		{1FE352F4-644C-AB33-F85E-4BB21B6614A5}.Debug|Any CPU.ActiveCfg = Debug|Any CPU
		{1FE352F4-644C-AB33-F85E-4BB21B6614A5}.Debug|Any CPU.Build.0 = Debug|Any CPU
		{1FE352F4-644C-AB33-F85E-4BB21B6614A5}.Release|Any CPU.ActiveCfg = Release|Any CPU
		{1FE352F4-644C-AB33-F85E-4BB21B6614A5}.Release|Any CPU.Build.0 = Release|Any CPU
		{430B52B2-9CCE-B51A-E8E6-EC5D858218A6}.Debug|Any CPU.ActiveCfg = Debug|Any CPU
		{430B52B2-9CCE-B51A-E8E6-EC5D858218A6}.Debug|Any CPU.Build.0 = Debug|Any CPU
		{430B52B2-9CCE-B51A-E8E6-EC5D858218A6}.Release|Any CPU.ActiveCfg = Release|Any CPU
		{430B52B2-9CCE-B51A-E8E6-EC5D858218A6}.Release|Any CPU.Build.0 = Release|Any CPU
		{974702B3-D266-3F47-ED7F-7C968B340B36}.Debug|Any CPU.ActiveCfg = Debug|Any CPU
		{974702B3-D266-3F47-ED7F-7C968B340B36}.Debug|Any CPU.Build.0 = Debug|Any CPU
		{974702B3-D266-3F47-ED7F-7C968B340B36}.Release|Any CPU.ActiveCfg = Release|Any CPU
		{974702B3-D266-3F47-ED7F-7C968B340B36}.Release|Any CPU.Build.0 = Release|Any CPU
		{D9A08A8C-88C0-E915-95E2-689E7E3C76E3}.Debug|Any CPU.ActiveCfg = Debug|Any CPU
		{D9A08A8C-88C0-E915-95E2-689E7E3C76E3}.Debug|Any CPU.Build.0 = Debug|Any CPU
		{D9A08A8C-88C0-E915-95E2-689E7E3C76E3}.Release|Any CPU.ActiveCfg = Release|Any CPU
		{D9A08A8C-88C0-E915-95E2-689E7E3C76E3}.Release|Any CPU.Build.0 = Release|Any CPU
		{2AB62D94-A126-A8FA-0E7A-6C8697BB0BD8}.Debug|Any CPU.ActiveCfg = Debug|Any CPU
		{2AB62D94-A126-A8FA-0E7A-6C8697BB0BD8}.Debug|Any CPU.Build.0 = Debug|Any CPU
		{2AB62D94-A126-A8FA-0E7A-6C8697BB0BD8}.Release|Any CPU.ActiveCfg = Release|Any CPU
		{2AB62D94-A126-A8FA-0E7A-6C8697BB0BD8}.Release|Any CPU.Build.0 = Release|Any CPU
		{054E71E0-C74B-77BB-6CB7-52C5F970EA15}.Debug|Any CPU.ActiveCfg = Debug|Any CPU
		{054E71E0-C74B-77BB-6CB7-52C5F970EA15}.Debug|Any CPU.Build.0 = Debug|Any CPU
		{054E71E0-C74B-77BB-6CB7-52C5F970EA15}.Release|Any CPU.ActiveCfg = Release|Any CPU
		{054E71E0-C74B-77BB-6CB7-52C5F970EA15}.Release|Any CPU.Build.0 = Release|Any CPU
		{88FCD320-9495-0FCD-3464-0E82B66E9CF2}.Debug|Any CPU.ActiveCfg = Debug|Any CPU
		{88FCD320-9495-0FCD-3464-0E82B66E9CF2}.Debug|Any CPU.Build.0 = Debug|Any CPU
		{88FCD320-9495-0FCD-3464-0E82B66E9CF2}.Release|Any CPU.ActiveCfg = Release|Any CPU
		{88FCD320-9495-0FCD-3464-0E82B66E9CF2}.Release|Any CPU.Build.0 = Release|Any CPU
		{4559D748-A0C6-1913-6811-11537FC8075A}.Debug|Any CPU.ActiveCfg = Debug|Any CPU
		{4559D748-A0C6-1913-6811-11537FC8075A}.Debug|Any CPU.Build.0 = Debug|Any CPU
		{4559D748-A0C6-1913-6811-11537FC8075A}.Release|Any CPU.ActiveCfg = Release|Any CPU
		{4559D748-A0C6-1913-6811-11537FC8075A}.Release|Any CPU.Build.0 = Release|Any CPU
		{050513D5-64EE-0FFD-B605-23F98B9CF933}.Debug|Any CPU.ActiveCfg = Debug|Any CPU
		{050513D5-64EE-0FFD-B605-23F98B9CF933}.Debug|Any CPU.Build.0 = Debug|Any CPU
		{050513D5-64EE-0FFD-B605-23F98B9CF933}.Release|Any CPU.ActiveCfg = Release|Any CPU
		{050513D5-64EE-0FFD-B605-23F98B9CF933}.Release|Any CPU.Build.0 = Release|Any CPU
		{B7565A7F-A563-5C4F-9C5B-125A4244B709}.Debug|Any CPU.ActiveCfg = Debug|Any CPU
		{B7565A7F-A563-5C4F-9C5B-125A4244B709}.Debug|Any CPU.Build.0 = Debug|Any CPU
		{B7565A7F-A563-5C4F-9C5B-125A4244B709}.Release|Any CPU.ActiveCfg = Release|Any CPU
		{B7565A7F-A563-5C4F-9C5B-125A4244B709}.Release|Any CPU.Build.0 = Release|Any CPU
		{3F4D8DD7-FAD7-10FA-32CB-A36FAFA940A1}.Debug|Any CPU.ActiveCfg = Debug|Any CPU
		{3F4D8DD7-FAD7-10FA-32CB-A36FAFA940A1}.Debug|Any CPU.Build.0 = Debug|Any CPU
		{3F4D8DD7-FAD7-10FA-32CB-A36FAFA940A1}.Release|Any CPU.ActiveCfg = Release|Any CPU
		{3F4D8DD7-FAD7-10FA-32CB-A36FAFA940A1}.Release|Any CPU.Build.0 = Release|Any CPU
		{094DAED1-E50E-D927-D5C8-A14B268F34CB}.Debug|Any CPU.ActiveCfg = Debug|Any CPU
		{094DAED1-E50E-D927-D5C8-A14B268F34CB}.Debug|Any CPU.Build.0 = Debug|Any CPU
		{094DAED1-E50E-D927-D5C8-A14B268F34CB}.Release|Any CPU.ActiveCfg = Release|Any CPU
		{094DAED1-E50E-D927-D5C8-A14B268F34CB}.Release|Any CPU.Build.0 = Release|Any CPU
		{784A0D0D-10FE-E989-3462-866A31052191}.Debug|Any CPU.ActiveCfg = Debug|Any CPU
		{784A0D0D-10FE-E989-3462-866A31052191}.Debug|Any CPU.Build.0 = Debug|Any CPU
		{784A0D0D-10FE-E989-3462-866A31052191}.Release|Any CPU.ActiveCfg = Release|Any CPU
		{784A0D0D-10FE-E989-3462-866A31052191}.Release|Any CPU.Build.0 = Release|Any CPU
		{88E9E81F-60E6-EA7E-B3B9-ACEBCF8D5F93}.Debug|Any CPU.ActiveCfg = Debug|Any CPU
		{88E9E81F-60E6-EA7E-B3B9-ACEBCF8D5F93}.Debug|Any CPU.Build.0 = Debug|Any CPU
		{88E9E81F-60E6-EA7E-B3B9-ACEBCF8D5F93}.Release|Any CPU.ActiveCfg = Release|Any CPU
		{88E9E81F-60E6-EA7E-B3B9-ACEBCF8D5F93}.Release|Any CPU.Build.0 = Release|Any CPU
		{3D5B6CFB-288E-5540-E409-7D23156CBD12}.Debug|Any CPU.ActiveCfg = Debug|Any CPU
		{3D5B6CFB-288E-5540-E409-7D23156CBD12}.Debug|Any CPU.Build.0 = Debug|Any CPU
		{3D5B6CFB-288E-5540-E409-7D23156CBD12}.Release|Any CPU.ActiveCfg = Release|Any CPU
		{3D5B6CFB-288E-5540-E409-7D23156CBD12}.Release|Any CPU.Build.0 = Release|Any CPU
		{746BBAEE-7DCB-4910-F466-82E6A05FE80E}.Debug|Any CPU.ActiveCfg = Debug|Any CPU
		{746BBAEE-7DCB-4910-F466-82E6A05FE80E}.Debug|Any CPU.Build.0 = Debug|Any CPU
		{746BBAEE-7DCB-4910-F466-82E6A05FE80E}.Release|Any CPU.ActiveCfg = Release|Any CPU
		{746BBAEE-7DCB-4910-F466-82E6A05FE80E}.Release|Any CPU.Build.0 = Release|Any CPU
		{2463A42E-10A3-3628-BBFB-174A8F3733B7}.Debug|Any CPU.ActiveCfg = Debug|Any CPU
		{2463A42E-10A3-3628-BBFB-174A8F3733B7}.Debug|Any CPU.Build.0 = Debug|Any CPU
		{2463A42E-10A3-3628-BBFB-174A8F3733B7}.Release|Any CPU.ActiveCfg = Release|Any CPU
		{2463A42E-10A3-3628-BBFB-174A8F3733B7}.Release|Any CPU.Build.0 = Release|Any CPU
		{77F86675-94FF-3F2C-7166-9AD457297D54}.Debug|Any CPU.ActiveCfg = Debug|Any CPU
		{77F86675-94FF-3F2C-7166-9AD457297D54}.Debug|Any CPU.Build.0 = Debug|Any CPU
		{77F86675-94FF-3F2C-7166-9AD457297D54}.Release|Any CPU.ActiveCfg = Release|Any CPU
		{77F86675-94FF-3F2C-7166-9AD457297D54}.Release|Any CPU.Build.0 = Release|Any CPU
		{88305AEF-C8E8-DADA-5745-339C53125DF7}.Debug|Any CPU.ActiveCfg = Debug|Any CPU
		{88305AEF-C8E8-DADA-5745-339C53125DF7}.Debug|Any CPU.Build.0 = Debug|Any CPU
		{88305AEF-C8E8-DADA-5745-339C53125DF7}.Release|Any CPU.ActiveCfg = Release|Any CPU
		{88305AEF-C8E8-DADA-5745-339C53125DF7}.Release|Any CPU.Build.0 = Release|Any CPU
		{5C176882-1263-96CB-5EB8-F002FD3CF7E0}.Debug|Any CPU.ActiveCfg = Debug|Any CPU
		{5C176882-1263-96CB-5EB8-F002FD3CF7E0}.Debug|Any CPU.Build.0 = Debug|Any CPU
		{5C176882-1263-96CB-5EB8-F002FD3CF7E0}.Release|Any CPU.ActiveCfg = Release|Any CPU
		{5C176882-1263-96CB-5EB8-F002FD3CF7E0}.Release|Any CPU.Build.0 = Release|Any CPU
		{0A458BC6-90BC-3565-98F4-4DB0C606EC0C}.Debug|Any CPU.ActiveCfg = Debug|Any CPU
		{0A458BC6-90BC-3565-98F4-4DB0C606EC0C}.Debug|Any CPU.Build.0 = Debug|Any CPU
		{0A458BC6-90BC-3565-98F4-4DB0C606EC0C}.Release|Any CPU.ActiveCfg = Release|Any CPU
		{0A458BC6-90BC-3565-98F4-4DB0C606EC0C}.Release|Any CPU.Build.0 = Release|Any CPU
		{0B81BA69-15C0-8912-43C8-C49D52B9404B}.Debug|Any CPU.ActiveCfg = Debug|Any CPU
		{0B81BA69-15C0-8912-43C8-C49D52B9404B}.Debug|Any CPU.Build.0 = Debug|Any CPU
		{0B81BA69-15C0-8912-43C8-C49D52B9404B}.Release|Any CPU.ActiveCfg = Release|Any CPU
		{0B81BA69-15C0-8912-43C8-C49D52B9404B}.Release|Any CPU.Build.0 = Release|Any CPU
		{3A7B3085-CDB5-E747-CDD4-89FAF8CB29A4}.Debug|Any CPU.ActiveCfg = Debug|Any CPU
		{3A7B3085-CDB5-E747-CDD4-89FAF8CB29A4}.Debug|Any CPU.Build.0 = Debug|Any CPU
		{3A7B3085-CDB5-E747-CDD4-89FAF8CB29A4}.Release|Any CPU.ActiveCfg = Release|Any CPU
		{3A7B3085-CDB5-E747-CDD4-89FAF8CB29A4}.Release|Any CPU.Build.0 = Release|Any CPU
		{B992BCA6-0A43-AFCD-AA7D-BFA3AEB88614}.Debug|Any CPU.ActiveCfg = Debug|Any CPU
		{B992BCA6-0A43-AFCD-AA7D-BFA3AEB88614}.Debug|Any CPU.Build.0 = Debug|Any CPU
		{B992BCA6-0A43-AFCD-AA7D-BFA3AEB88614}.Release|Any CPU.ActiveCfg = Release|Any CPU
		{B992BCA6-0A43-AFCD-AA7D-BFA3AEB88614}.Release|Any CPU.Build.0 = Release|Any CPU
		{A88F697E-9022-CCBA-1151-6E6848A67C9A}.Debug|Any CPU.ActiveCfg = Debug|Any CPU
		{A88F697E-9022-CCBA-1151-6E6848A67C9A}.Debug|Any CPU.Build.0 = Debug|Any CPU
		{A88F697E-9022-CCBA-1151-6E6848A67C9A}.Release|Any CPU.ActiveCfg = Release|Any CPU
		{A88F697E-9022-CCBA-1151-6E6848A67C9A}.Release|Any CPU.Build.0 = Release|Any CPU
		{FD20BB51-9190-C4CE-B709-FE2A4787BAA5}.Debug|Any CPU.ActiveCfg = Debug|Any CPU
		{FD20BB51-9190-C4CE-B709-FE2A4787BAA5}.Debug|Any CPU.Build.0 = Debug|Any CPU
		{FD20BB51-9190-C4CE-B709-FE2A4787BAA5}.Release|Any CPU.ActiveCfg = Release|Any CPU
		{FD20BB51-9190-C4CE-B709-FE2A4787BAA5}.Release|Any CPU.Build.0 = Release|Any CPU
		{E1D63B34-45E9-36A8-7122-94CDB7DF79E7}.Debug|Any CPU.ActiveCfg = Debug|Any CPU
		{E1D63B34-45E9-36A8-7122-94CDB7DF79E7}.Debug|Any CPU.Build.0 = Debug|Any CPU
		{E1D63B34-45E9-36A8-7122-94CDB7DF79E7}.Release|Any CPU.ActiveCfg = Release|Any CPU
		{E1D63B34-45E9-36A8-7122-94CDB7DF79E7}.Release|Any CPU.Build.0 = Release|Any CPU
		{EC2F5571-08CA-8F4A-E95E-289ED6DE951A}.Debug|Any CPU.ActiveCfg = Debug|Any CPU
		{EC2F5571-08CA-8F4A-E95E-289ED6DE951A}.Debug|Any CPU.Build.0 = Debug|Any CPU
		{EC2F5571-08CA-8F4A-E95E-289ED6DE951A}.Release|Any CPU.ActiveCfg = Release|Any CPU
		{EC2F5571-08CA-8F4A-E95E-289ED6DE951A}.Release|Any CPU.Build.0 = Release|Any CPU
		{CBD33055-7153-FAA3-8BA0-E48B59D73DDE}.Debug|Any CPU.ActiveCfg = Debug|Any CPU
		{CBD33055-7153-FAA3-8BA0-E48B59D73DDE}.Debug|Any CPU.Build.0 = Debug|Any CPU
		{CBD33055-7153-FAA3-8BA0-E48B59D73DDE}.Release|Any CPU.ActiveCfg = Release|Any CPU
		{CBD33055-7153-FAA3-8BA0-E48B59D73DDE}.Release|Any CPU.Build.0 = Release|Any CPU
		{5ED3375B-1B14-E476-47A7-CB38C7879566}.Debug|Any CPU.ActiveCfg = Debug|Any CPU
		{5ED3375B-1B14-E476-47A7-CB38C7879566}.Debug|Any CPU.Build.0 = Debug|Any CPU
		{5ED3375B-1B14-E476-47A7-CB38C7879566}.Release|Any CPU.ActiveCfg = Release|Any CPU
		{5ED3375B-1B14-E476-47A7-CB38C7879566}.Release|Any CPU.Build.0 = Release|Any CPU
		{7B20E331-144F-4233-511A-1EE0D49CA4E5}.Debug|Any CPU.ActiveCfg = Debug|Any CPU
		{7B20E331-144F-4233-511A-1EE0D49CA4E5}.Debug|Any CPU.Build.0 = Debug|Any CPU
		{7B20E331-144F-4233-511A-1EE0D49CA4E5}.Release|Any CPU.ActiveCfg = Release|Any CPU
		{7B20E331-144F-4233-511A-1EE0D49CA4E5}.Release|Any CPU.Build.0 = Release|Any CPU
		{F3541AA1-AC23-B869-D3AF-C520F8578DD1}.Debug|Any CPU.ActiveCfg = Debug|Any CPU
		{F3541AA1-AC23-B869-D3AF-C520F8578DD1}.Debug|Any CPU.Build.0 = Debug|Any CPU
		{F3541AA1-AC23-B869-D3AF-C520F8578DD1}.Release|Any CPU.ActiveCfg = Release|Any CPU
		{F3541AA1-AC23-B869-D3AF-C520F8578DD1}.Release|Any CPU.Build.0 = Release|Any CPU
		{62FB43D6-3F02-4BE3-C66C-8500B63CB7F6}.Debug|Any CPU.ActiveCfg = Debug|Any CPU
		{62FB43D6-3F02-4BE3-C66C-8500B63CB7F6}.Debug|Any CPU.Build.0 = Debug|Any CPU
		{62FB43D6-3F02-4BE3-C66C-8500B63CB7F6}.Release|Any CPU.ActiveCfg = Release|Any CPU
		{62FB43D6-3F02-4BE3-C66C-8500B63CB7F6}.Release|Any CPU.Build.0 = Release|Any CPU
		{B3241E8C-CAAF-85EB-6135-714825568D5D}.Debug|Any CPU.ActiveCfg = Debug|Any CPU
		{B3241E8C-CAAF-85EB-6135-714825568D5D}.Debug|Any CPU.Build.0 = Debug|Any CPU
		{B3241E8C-CAAF-85EB-6135-714825568D5D}.Release|Any CPU.ActiveCfg = Release|Any CPU
		{B3241E8C-CAAF-85EB-6135-714825568D5D}.Release|Any CPU.Build.0 = Release|Any CPU
		{B441EFBF-55A1-3D29-2720-DEA61AA40ACC}.Debug|Any CPU.ActiveCfg = Debug|Any CPU
		{B441EFBF-55A1-3D29-2720-DEA61AA40ACC}.Debug|Any CPU.Build.0 = Debug|Any CPU
		{B441EFBF-55A1-3D29-2720-DEA61AA40ACC}.Release|Any CPU.ActiveCfg = Release|Any CPU
		{B441EFBF-55A1-3D29-2720-DEA61AA40ACC}.Release|Any CPU.Build.0 = Release|Any CPU
		{367962A8-370B-C1FB-25B8-15AD148E8964}.Debug|Any CPU.ActiveCfg = Debug|Any CPU
		{367962A8-370B-C1FB-25B8-15AD148E8964}.Debug|Any CPU.Build.0 = Debug|Any CPU
		{367962A8-370B-C1FB-25B8-15AD148E8964}.Release|Any CPU.ActiveCfg = Release|Any CPU
		{367962A8-370B-C1FB-25B8-15AD148E8964}.Release|Any CPU.Build.0 = Release|Any CPU
		{B6CAE0B5-D596-8A39-6CCC-41121DEE327E}.Debug|Any CPU.ActiveCfg = Debug|Any CPU
		{B6CAE0B5-D596-8A39-6CCC-41121DEE327E}.Debug|Any CPU.Build.0 = Debug|Any CPU
		{B6CAE0B5-D596-8A39-6CCC-41121DEE327E}.Release|Any CPU.ActiveCfg = Release|Any CPU
		{B6CAE0B5-D596-8A39-6CCC-41121DEE327E}.Release|Any CPU.Build.0 = Release|Any CPU
		{CC188184-12D8-7A33-0FDB-04DC4C04CD2C}.Debug|Any CPU.ActiveCfg = Debug|Any CPU
		{CC188184-12D8-7A33-0FDB-04DC4C04CD2C}.Debug|Any CPU.Build.0 = Debug|Any CPU
		{CC188184-12D8-7A33-0FDB-04DC4C04CD2C}.Release|Any CPU.ActiveCfg = Release|Any CPU
		{CC188184-12D8-7A33-0FDB-04DC4C04CD2C}.Release|Any CPU.Build.0 = Release|Any CPU
		{F1C4DC13-7625-F979-E4EA-0FFAC315F25E}.Debug|Any CPU.ActiveCfg = Debug|Any CPU
		{F1C4DC13-7625-F979-E4EA-0FFAC315F25E}.Debug|Any CPU.Build.0 = Debug|Any CPU
		{F1C4DC13-7625-F979-E4EA-0FFAC315F25E}.Release|Any CPU.ActiveCfg = Release|Any CPU
		{F1C4DC13-7625-F979-E4EA-0FFAC315F25E}.Release|Any CPU.Build.0 = Release|Any CPU
		{41705B59-7614-17D5-C88D-2E348A2D7DD7}.Debug|Any CPU.ActiveCfg = Debug|Any CPU
		{41705B59-7614-17D5-C88D-2E348A2D7DD7}.Debug|Any CPU.Build.0 = Debug|Any CPU
		{41705B59-7614-17D5-C88D-2E348A2D7DD7}.Release|Any CPU.ActiveCfg = Release|Any CPU
		{41705B59-7614-17D5-C88D-2E348A2D7DD7}.Release|Any CPU.Build.0 = Release|Any CPU
		{DE367DCB-D1B4-2D31-A9E0-D859467AB03B}.Debug|Any CPU.ActiveCfg = Debug|Any CPU
		{DE367DCB-D1B4-2D31-A9E0-D859467AB03B}.Debug|Any CPU.Build.0 = Debug|Any CPU
		{DE367DCB-D1B4-2D31-A9E0-D859467AB03B}.Release|Any CPU.ActiveCfg = Release|Any CPU
		{DE367DCB-D1B4-2D31-A9E0-D859467AB03B}.Release|Any CPU.Build.0 = Release|Any CPU
		{92C14230-6006-D634-1F08-9B155ECD14E4}.Debug|Any CPU.ActiveCfg = Debug|Any CPU
		{92C14230-6006-D634-1F08-9B155ECD14E4}.Debug|Any CPU.Build.0 = Debug|Any CPU
		{92C14230-6006-D634-1F08-9B155ECD14E4}.Release|Any CPU.ActiveCfg = Release|Any CPU
		{92C14230-6006-D634-1F08-9B155ECD14E4}.Release|Any CPU.Build.0 = Release|Any CPU
		{B79A777C-F3AC-E79C-18F5-9B364320A94F}.Debug|Any CPU.ActiveCfg = Debug|Any CPU
		{B79A777C-F3AC-E79C-18F5-9B364320A94F}.Debug|Any CPU.Build.0 = Debug|Any CPU
		{B79A777C-F3AC-E79C-18F5-9B364320A94F}.Release|Any CPU.ActiveCfg = Release|Any CPU
		{B79A777C-F3AC-E79C-18F5-9B364320A94F}.Release|Any CPU.Build.0 = Release|Any CPU
		{5C5CE30E-15F5-2676-4C25-E18589386EC8}.Debug|Any CPU.ActiveCfg = Debug|Any CPU
		{5C5CE30E-15F5-2676-4C25-E18589386EC8}.Debug|Any CPU.Build.0 = Debug|Any CPU
		{5C5CE30E-15F5-2676-4C25-E18589386EC8}.Release|Any CPU.ActiveCfg = Release|Any CPU
		{5C5CE30E-15F5-2676-4C25-E18589386EC8}.Release|Any CPU.Build.0 = Release|Any CPU
		{CFE55023-2263-AFCE-BE18-9616A854FB77}.Debug|Any CPU.ActiveCfg = Debug|Any CPU
		{CFE55023-2263-AFCE-BE18-9616A854FB77}.Debug|Any CPU.Build.0 = Debug|Any CPU
		{CFE55023-2263-AFCE-BE18-9616A854FB77}.Release|Any CPU.ActiveCfg = Release|Any CPU
		{CFE55023-2263-AFCE-BE18-9616A854FB77}.Release|Any CPU.Build.0 = Release|Any CPU
		{0BF22AC4-1DC7-2223-1790-435528525FE2}.Debug|Any CPU.ActiveCfg = Debug|Any CPU
		{0BF22AC4-1DC7-2223-1790-435528525FE2}.Debug|Any CPU.Build.0 = Debug|Any CPU
		{0BF22AC4-1DC7-2223-1790-435528525FE2}.Release|Any CPU.ActiveCfg = Release|Any CPU
		{0BF22AC4-1DC7-2223-1790-435528525FE2}.Release|Any CPU.Build.0 = Release|Any CPU
		{371A0F5B-13E4-E97C-C6A5-73BB3D84EBA7}.Debug|Any CPU.ActiveCfg = Debug|Any CPU
		{371A0F5B-13E4-E97C-C6A5-73BB3D84EBA7}.Debug|Any CPU.Build.0 = Debug|Any CPU
		{371A0F5B-13E4-E97C-C6A5-73BB3D84EBA7}.Release|Any CPU.ActiveCfg = Release|Any CPU
		{371A0F5B-13E4-E97C-C6A5-73BB3D84EBA7}.Release|Any CPU.Build.0 = Release|Any CPU
		{CAA7C349-598D-3891-3256-C1C115491435}.Debug|Any CPU.ActiveCfg = Debug|Any CPU
		{CAA7C349-598D-3891-3256-C1C115491435}.Debug|Any CPU.Build.0 = Debug|Any CPU
		{CAA7C349-598D-3891-3256-C1C115491435}.Release|Any CPU.ActiveCfg = Release|Any CPU
		{CAA7C349-598D-3891-3256-C1C115491435}.Release|Any CPU.Build.0 = Release|Any CPU
		{BF6DFDA2-5CBE-FEF4-7225-0C54E025B00A}.Debug|Any CPU.ActiveCfg = Debug|Any CPU
		{BF6DFDA2-5CBE-FEF4-7225-0C54E025B00A}.Debug|Any CPU.Build.0 = Debug|Any CPU
		{BF6DFDA2-5CBE-FEF4-7225-0C54E025B00A}.Release|Any CPU.ActiveCfg = Release|Any CPU
		{BF6DFDA2-5CBE-FEF4-7225-0C54E025B00A}.Release|Any CPU.Build.0 = Release|Any CPU
		{034CD146-1785-A853-ECD1-B1DDF619410D}.Debug|Any CPU.ActiveCfg = Debug|Any CPU
		{034CD146-1785-A853-ECD1-B1DDF619410D}.Debug|Any CPU.Build.0 = Debug|Any CPU
		{034CD146-1785-A853-ECD1-B1DDF619410D}.Release|Any CPU.ActiveCfg = Release|Any CPU
		{034CD146-1785-A853-ECD1-B1DDF619410D}.Release|Any CPU.Build.0 = Release|Any CPU
		{B14CCEBD-F2D2-D5D9-7381-3ED94B73B01B}.Debug|Any CPU.ActiveCfg = Debug|Any CPU
		{B14CCEBD-F2D2-D5D9-7381-3ED94B73B01B}.Debug|Any CPU.Build.0 = Debug|Any CPU
		{B14CCEBD-F2D2-D5D9-7381-3ED94B73B01B}.Release|Any CPU.ActiveCfg = Release|Any CPU
		{B14CCEBD-F2D2-D5D9-7381-3ED94B73B01B}.Release|Any CPU.Build.0 = Release|Any CPU
		{A01D6B10-B968-D30A-8AAD-D631133491A0}.Debug|Any CPU.ActiveCfg = Debug|Any CPU
		{A01D6B10-B968-D30A-8AAD-D631133491A0}.Debug|Any CPU.Build.0 = Debug|Any CPU
		{A01D6B10-B968-D30A-8AAD-D631133491A0}.Release|Any CPU.ActiveCfg = Release|Any CPU
		{A01D6B10-B968-D30A-8AAD-D631133491A0}.Release|Any CPU.Build.0 = Release|Any CPU
		{FF62E5AA-881D-7EC6-F228-641ABACC4C7F}.Debug|Any CPU.ActiveCfg = Debug|Any CPU
		{FF62E5AA-881D-7EC6-F228-641ABACC4C7F}.Debug|Any CPU.Build.0 = Debug|Any CPU
		{FF62E5AA-881D-7EC6-F228-641ABACC4C7F}.Release|Any CPU.ActiveCfg = Release|Any CPU
		{FF62E5AA-881D-7EC6-F228-641ABACC4C7F}.Release|Any CPU.Build.0 = Release|Any CPU
		{8F534EE7-D2D0-73DD-776C-A589D58BE9C9}.Debug|Any CPU.ActiveCfg = Debug|Any CPU
		{8F534EE7-D2D0-73DD-776C-A589D58BE9C9}.Debug|Any CPU.Build.0 = Debug|Any CPU
		{8F534EE7-D2D0-73DD-776C-A589D58BE9C9}.Release|Any CPU.ActiveCfg = Release|Any CPU
		{8F534EE7-D2D0-73DD-776C-A589D58BE9C9}.Release|Any CPU.Build.0 = Release|Any CPU
	EndGlobalSection
	GlobalSection(SolutionProperties) = preSolution
		HideSolutionNode = FALSE
	EndGlobalSection
EndGlobal
